
Microsoft Visual Studio Solution File, Format Version 12.00
# Visual Studio Version 17
VisualStudioVersion = 17.6.33723.286
MinimumVisualStudioVersion = 10.0.40219.1
Project("{FAE04EC0-301F-11D3-BF4B-00C04F79EFBC}") = "CalcApp", "CalcApp\CalcApp.csproj", "{D52654CD-70BB-4A52-A7A6-16643854BA07}"
EndProject
Global
	GlobalSection(SolutionConfigurationPlatforms) = preSolution
		Debug|Any CPU = Debug|Any CPU
		Release|Any CPU = Release|Any CPU
	EndGlobalSection
	GlobalSection(ProjectConfigurationPlatforms) = postSolution
		{D52654CD-70BB-4A52-A7A6-16643854BA07}.Debug|Any CPU.ActiveCfg = Debug|Any CPU
		{D52654CD-70BB-4A52-A7A6-16643854BA07}.Debug|Any CPU.Build.0 = Debug|Any CPU
		{D52654CD-70BB-4A52-A7A6-16643854BA07}.Release|Any CPU.ActiveCfg = Release|Any CPU
		{D52654CD-70BB-4A52-A7A6-16643854BA07}.Release|Any CPU.Build.0 = Release|Any CPU
	EndGlobalSection
	GlobalSection(SolutionProperties) = preSolution
		HideSolutionNode = FALSE
	EndGlobalSection
	GlobalSection(ExtensibilityGlobals) = postSolution
		SolutionGuid = {50EE6B95-77B0-4C88-902D-EBD9EF0A29B3}
	EndGlobalSection
EndGlobal
